
Microsoft Visual Studio Solution File, Format Version 12.00
# Visual Studio Version 17
VisualStudioVersion = 17.4.33103.184
MinimumVisualStudioVersion = 10.0.40219.1
Project("{E24C65DC-7377-472B-9ABA-BC803B73C61A}") = "Florist_WCF_Service", "Florist_WCF_Service\", "{E7A4EA80-9CB4-4D79-B370-A0D4FDEEF210}"
	ProjectSection(WebsiteProperties) = preProject
		TargetFrameworkMoniker = ".NETFramework,Version%3Dv4.7.2"
		Debug.AspNetCompiler.VirtualPath = "/localhost_55490"
		Debug.AspNetCompiler.PhysicalPath = "Florist_WCF_Service\"
		Debug.AspNetCompiler.TargetPath = "PrecompiledWeb\localhost_55490\"
		Debug.AspNetCompiler.Updateable = "true"
		Debug.AspNetCompiler.ForceOverwrite = "true"
		Debug.AspNetCompiler.FixedNames = "false"
		Debug.AspNetCompiler.Debug = "True"
		Release.AspNetCompiler.VirtualPath = "/localhost_55490"
		Release.AspNetCompiler.PhysicalPath = "Florist_WCF_Service\"
		Release.AspNetCompiler.TargetPath = "PrecompiledWeb\localhost_55490\"
		Release.AspNetCompiler.Updateable = "true"
		Release.AspNetCompiler.ForceOverwrite = "true"
		Release.AspNetCompiler.FixedNames = "false"
		Release.AspNetCompiler.Debug = "False"
		VWDPort = "55490"
		DefaultWebSiteLanguage = "Visual C#"
	EndProjectSection
EndProject
Global
	GlobalSection(SolutionConfigurationPlatforms) = preSolution
		Debug|Any CPU = Debug|Any CPU
	EndGlobalSection
	GlobalSection(ProjectConfigurationPlatforms) = postSolution
		{E7A4EA80-9CB4-4D79-B370-A0D4FDEEF210}.Debug|Any CPU.ActiveCfg = Debug|Any CPU
		{E7A4EA80-9CB4-4D79-B370-A0D4FDEEF210}.Debug|Any CPU.Build.0 = Debug|Any CPU
	EndGlobalSection
	GlobalSection(SolutionProperties) = preSolution
		HideSolutionNode = FALSE
	EndGlobalSection
	GlobalSection(ExtensibilityGlobals) = postSolution
		SolutionGuid = {97B9610B-D6F5-4DF8-BEC8-423375CB0290}
	EndGlobalSection
EndGlobal
